
Microsoft Visual Studio Solution File, Format Version 12.00
# Visual Studio Version 17
VisualStudioVersion = 17.8.34511.84
MinimumVisualStudioVersion = 10.0.40219.1
Project("{FAE04EC0-301F-11D3-BF4B-00C04F79EFBC}") = "MarketplaceApp.Data", "MarketplaceApp.Data\MarketplaceApp.Data.csproj", "{B398AA11-D917-4931-89B8-5E0D3DE85319}"
EndProject
Project("{FAE04EC0-301F-11D3-BF4B-00C04F79EFBC}") = "MarketplaceApp.Domain", "MarketplaceApp.Domain\MarketplaceApp.Domain.csproj", "{EC720F66-5898-4721-AA29-F534DD954796}"
EndProject
Project("{FAE04EC0-301F-11D3-BF4B-00C04F79EFBC}") = "MarketplaceApp.Presentation", "MarketplaceApp.Presentation\MarketplaceApp.Presentation.csproj", "{E5FC0A93-B07A-48BE-94A1-95CD90D498DA}"
EndProject
Global
	GlobalSection(SolutionConfigurationPlatforms) = preSolution
		Debug|Any CPU = Debug|Any CPU
		Release|Any CPU = Release|Any CPU
	EndGlobalSection
	GlobalSection(ProjectConfigurationPlatforms) = postSolution
		{B398AA11-D917-4931-89B8-5E0D3DE85319}.Debug|Any CPU.ActiveCfg = Debug|Any CPU
		{B398AA11-D917-4931-89B8-5E0D3DE85319}.Debug|Any CPU.Build.0 = Debug|Any CPU
		{B398AA11-D917-4931-89B8-5E0D3DE85319}.Release|Any CPU.ActiveCfg = Release|Any CPU
		{B398AA11-D917-4931-89B8-5E0D3DE85319}.Release|Any CPU.Build.0 = Release|Any CPU
		{EC720F66-5898-4721-AA29-F534DD954796}.Debug|Any CPU.ActiveCfg = Debug|Any CPU
		{EC720F66-5898-4721-AA29-F534DD954796}.Debug|Any CPU.Build.0 = Debug|Any CPU
		{EC720F66-5898-4721-AA29-F534DD954796}.Release|Any CPU.ActiveCfg = Release|Any CPU
		{EC720F66-5898-4721-AA29-F534DD954796}.Release|Any CPU.Build.0 = Release|Any CPU
		{E5FC0A93-B07A-48BE-94A1-95CD90D498DA}.Debug|Any CPU.ActiveCfg = Debug|Any CPU
		{E5FC0A93-B07A-48BE-94A1-95CD90D498DA}.Debug|Any CPU.Build.0 = Debug|Any CPU
		{E5FC0A93-B07A-48BE-94A1-95CD90D498DA}.Release|Any CPU.ActiveCfg = Release|Any CPU
		{E5FC0A93-B07A-48BE-94A1-95CD90D498DA}.Release|Any CPU.Build.0 = Release|Any CPU
	EndGlobalSection
	GlobalSection(SolutionProperties) = preSolution
		HideSolutionNode = FALSE
	EndGlobalSection
	GlobalSection(ExtensibilityGlobals) = postSolution
		SolutionGuid = {2A35F714-1682-462D-918E-AD5F6D39B9CD}
	EndGlobalSection
EndGlobal
